
Microsoft Visual Studio Solution File, Format Version 12.00
# Visual Studio Version 17
VisualStudioVersion = 17.3.32825.248
MinimumVisualStudioVersion = 10.0.40219.1
Project("{FAE04EC0-301F-11D3-BF4B-00C04F79EFBC}") = "Pr21-0922", "Pr21-0922\Pr21-0922.csproj", "{9E21D708-BC42-48A6-A1B4-CCE7FBB003AD}"
EndProject
Global
	GlobalSection(SolutionConfigurationPlatforms) = preSolution
		Debug|Any CPU = Debug|Any CPU
		Release|Any CPU = Release|Any CPU
	EndGlobalSection
	GlobalSection(ProjectConfigurationPlatforms) = postSolution
		{9E21D708-BC42-48A6-A1B4-CCE7FBB003AD}.Debug|Any CPU.ActiveCfg = Debug|Any CPU
		{9E21D708-BC42-48A6-A1B4-CCE7FBB003AD}.Debug|Any CPU.Build.0 = Debug|Any CPU
		{9E21D708-BC42-48A6-A1B4-CCE7FBB003AD}.Release|Any CPU.ActiveCfg = Release|Any CPU
		{9E21D708-BC42-48A6-A1B4-CCE7FBB003AD}.Release|Any CPU.Build.0 = Release|Any CPU
	EndGlobalSection
	GlobalSection(SolutionProperties) = preSolution
		HideSolutionNode = FALSE
	EndGlobalSection
	GlobalSection(ExtensibilityGlobals) = postSolution
		SolutionGuid = {8A5C130A-7EFE-496C-8C3F-FF39947AF98E}
	EndGlobalSection
EndGlobal
